github.com/kodeyeen/event v0.0.0-20240511110731-d25f707523ba h1:iZYaQzACFF1BDwhbA9b/jQnnCrIdNPmM/v/9S9B4NnU=
github.com/kodeyeen/event v0.0.0-20240511110731-d25f707523ba/go.mod h1:IF6pJtK3LJSCc/AtEt/UbJf0G5iNVEMOx7sHtx1OtVA=
github.com/kodeyeen/omp v0.4.0 h1:43FZrXsErqkYNsugosiz7dQlusnfSpIyjoc1slQ6PF0=
github.com/kodeyeen/omp v0.4.0/go.mod h1:9d4Eg0SyxGysVT/UnP9Um2ypvwK2gfMZ6L09ZWuYfyo=
